# This file is automatically @generated by Cargo.
# It is not intended for manual editing.
version = 4

[[package]]
name = "delocaliser"
version = "0.1.0"

[[package]]
name = "delocaliser-attacks"
version = "0.1.0"
dependencies = [
 "delocaliser-core",
]

[[package]]
name = "delocaliser-core"
version = "0.1.0"

[[package]]
name = "delocaliser-eval"
version = "0.1.0"
dependencies = [
 "delocaliser-core",
]

[[package]]
name = "delocaliser-rewrite"
version = "0.1.0"
dependencies = [
 "delocaliser-core",
]

[[package]]
name = "delocaliser-ui"
version = "0.1.0"
dependencies = [
 "delocaliser-core",
]
